Microsoft Visual Studio Solution File, Format Version 12.00
# Visual Studio 2012
Project("{FAE04EC0-301F-11D3-BF4B-00C04F79EFBC}") = "Chickensoft.Serialization.Godot.Tests", "Chickensoft.Serialization.Godot.Tests.csproj", "{C17FBEAA-FF28-4B3C-BDEB-5B8E051014C7}"
EndProject
Global
	GlobalSection(SolutionConfigurationPlatforms) = preSolution
	Debug|Any CPU = Debug|Any CPU
	ExportDebug|Any CPU = ExportDebug|Any CPU
	ExportRelease|Any CPU = ExportRelease|Any CPU
	EndGlobalSection
	GlobalSection(ProjectConfigurationPlatforms) = postSolution
		{C17FBEAA-FF28-4B3C-BDEB-5B8E051014C7}.Debug|Any CPU.ActiveCfg = Debug|Any CPU
		{C17FBEAA-FF28-4B3C-BDEB-5B8E051014C7}.Debug|Any CPU.Build.0 = Debug|Any CPU
		{C17FBEAA-FF28-4B3C-BDEB-5B8E051014C7}.ExportDebug|Any CPU.ActiveCfg = ExportDebug|Any CPU
		{C17FBEAA-FF28-4B3C-BDEB-5B8E051014C7}.ExportDebug|Any CPU.Build.0 = ExportDebug|Any CPU
		{C17FBEAA-FF28-4B3C-BDEB-5B8E051014C7}.ExportRelease|Any CPU.ActiveCfg = ExportRelease|Any CPU
		{C17FBEAA-FF28-4B3C-BDEB-5B8E051014C7}.ExportRelease|Any CPU.Build.0 = ExportRelease|Any CPU
	EndGlobalSection
EndGlobal
